
Microsoft Visual Studio Solution File, Format Version 12.00
# Visual Studio 15
VisualStudioVersion = 15.0.28307.136
MinimumVisualStudioVersion = 10.0.40219.1
Project("{FAE04EC0-301F-11D3-BF4B-00C04F79EFBC}") = "Filter", "Filter\Filter.csproj", "{8967668E-168E-4C94-903A-D189A1E8AB8A}"
EndProject
Project("{FAE04EC0-301F-11D3-BF4B-00C04F79EFBC}") = "Filter.Tests", "Filter.Tests\Filter.Tests.csproj", "{A7B083F4-0EEE-46A8-80FB-8027C8CBB226}"
EndProject
Global
	GlobalSection(SolutionConfigurationPlatforms) = preSolution
		Debug|Any CPU = Debug|Any CPU
		Release|Any CPU = Release|Any CPU
	EndGlobalSection
	GlobalSection(ProjectConfigurationPlatforms) = postSolution
		{8967668E-168E-4C94-903A-D189A1E8AB8A}.Debug|Any CPU.ActiveCfg = Debug|Any CPU
		{8967668E-168E-4C94-903A-D189A1E8AB8A}.Debug|Any CPU.Build.0 = Debug|Any CPU
		{8967668E-168E-4C94-903A-D189A1E8AB8A}.Release|Any CPU.ActiveCfg = Release|Any CPU
		{8967668E-168E-4C94-903A-D189A1E8AB8A}.Release|Any CPU.Build.0 = Release|Any CPU
		{A7B083F4-0EEE-46A8-80FB-8027C8CBB226}.Debug|Any CPU.ActiveCfg = Debug|Any CPU
		{A7B083F4-0EEE-46A8-80FB-8027C8CBB226}.Debug|Any CPU.Build.0 = Debug|Any CPU
		{A7B083F4-0EEE-46A8-80FB-8027C8CBB226}.Release|Any CPU.ActiveCfg = Release|Any CPU
		{A7B083F4-0EEE-46A8-80FB-8027C8CBB226}.Release|Any CPU.Build.0 = Release|Any CPU
	EndGlobalSection
	GlobalSection(SolutionProperties) = preSolution
		HideSolutionNode = FALSE
	EndGlobalSection
	GlobalSection(ExtensibilityGlobals) = postSolution
		SolutionGuid = {9410D3E8-0457-44E2-B23B-F167737CE87E}
	EndGlobalSection
EndGlobal
